{
  "requires": true,
  "lockfileVersion": 1,
  "dependencies": {
    "curry2": {
      "version": "0.1.0",
      "resolved": "https://registry.npmjs.org/curry2/-/curry2-0.1.0.tgz",
      "integrity": "sha1-zJg37JFIpurqR/bO3yVNEDAxojM="
    },
    "inarray": {
      "version": "0.1.3",
      "resolved": "https://registry.npmjs.org/inarray/-/inarray-0.1.3.tgz",
      "integrity": "sha1-nm5GPQXXEFhoP2pQdlfaYmbyfTw=",
      "requires": {
        "curry2": "^0.1.0"
      }
    }
  }
}
